schema: '2.0'
stages:
  split_data:
    cmd: python src/main.py -p split_data
    deps:
    - path: data/processed/explored/explored_dataset.csv
      hash: md5
      md5: 2c030299a5ae8d68aa94184fbceca225
      size: 2148333
    - path: src/main.py
      hash: md5
      md5: 25630a4b4d0bc26b46d57f1d362f1efc
      size: 4145
    outs:
    - path: data/processed/split/xtest.csv
      hash: md5
      md5: ce8eeda03850f0380ca8a5465609adc2
      size: 407155
    - path: data/processed/split/xtrain.csv
      hash: md5
      md5: 52f1f8045362b81ff6fa016ec58ec7c1
      size: 1222468
    - path: data/processed/split/xval.csv
      hash: md5
      md5: 84f21ba8d5eba7eae0123d6ac6cfecf9
      size: 407544
    - path: data/processed/split/ytest.csv
      hash: md5
      md5: b655cebef80f91bf993589836f07a38f
      size: 22298
    - path: data/processed/split/ytrain.csv
      hash: md5
      md5: 2c70d1e1e10e07749208ad52af333c54
      size: 66880
    - path: data/processed/split/yval.csv
      hash: md5
      md5: 470c605c64d8634c985145b5e1e36344
      size: 22298
  transform:
    cmd: python src/main.py -p transform
    deps:
    - path: data/processed/split/xtest.csv
      hash: md5
      md5: ce8eeda03850f0380ca8a5465609adc2
      size: 407155
    - path: data/processed/split/xtrain.csv
      hash: md5
      md5: 52f1f8045362b81ff6fa016ec58ec7c1
      size: 1222468
    - path: data/processed/split/xval.csv
      hash: md5
      md5: 84f21ba8d5eba7eae0123d6ac6cfecf9
      size: 407544
    - path: data/processed/split/ytest.csv
      hash: md5
      md5: b655cebef80f91bf993589836f07a38f
      size: 22298
    - path: data/processed/split/ytrain.csv
      hash: md5
      md5: 2c70d1e1e10e07749208ad52af333c54
      size: 66880
    - path: data/processed/split/yval.csv
      hash: md5
      md5: 470c605c64d8634c985145b5e1e36344
      size: 22298
    - path: src/main.py
      hash: md5
      md5: 25630a4b4d0bc26b46d57f1d362f1efc
      size: 4145
    outs:
    - path: data/processed/transformed/xtestT.csv
      hash: md5
      md5: 2e06058c710a3cf0f34ca473cf912150
      size: 973305
    - path: data/processed/transformed/xtrainT.csv
      hash: md5
      md5: 319a2f2552a070a9ce7b15dc93727b2a
      size: 2919034
    - path: data/processed/transformed/xvalT.csv
      hash: md5
      md5: e6ea5c5283ef6f1f66bec2c3b0ff8907
      size: 973081
    - path: data/processed/transformed/ytestT.csv
      hash: md5
      md5: 2249af604084afc1650d105db5f64b29
      size: 22298
    - path: data/processed/transformed/ytrainT.csv
      hash: md5
      md5: e5baecd4dd182618c413aa6f02a21dc0
      size: 66880
    - path: data/processed/transformed/yvalT.csv
      hash: md5
      md5: ddd703cef954a450eebc5f3f1bc3c221
      size: 22298
  train:
    cmd: python src/main.py -p train
    deps:
    - path: data/processed/transformed/xtrainT.csv
      hash: md5
      md5: 319a2f2552a070a9ce7b15dc93727b2a
      size: 2919034
    - path: data/processed/transformed/ytrainT.csv
      hash: md5
      md5: e5baecd4dd182618c413aa6f02a21dc0
      size: 66880
    - path: src/main.py
      hash: md5
      md5: 25630a4b4d0bc26b46d57f1d362f1efc
      size: 4145
  evaluate:
    cmd: python src/main.py -p evaluate
    deps:
    - path: models/model.joblib
      hash: md5
      md5: d7de75ba7580458d597acd597ab215ca
      size: 17689
    - path: src/main.py
      hash: md5
      md5: 25630a4b4d0bc26b46d57f1d362f1efc
      size: 4145
    outs:
    - path: models/metrics.json
      hash: md5
      md5: b143f3c6f07e6e07fcc418aa32701b2a
      size: 366
  explore:
    cmd: python src/main.py -p explore
    deps:
    - path: src/main.py
      hash: md5
      md5: 25630a4b4d0bc26b46d57f1d362f1efc
      size: 4145
    outs:
    - path: data/processed/explored/explored_dataset.csv
      hash: md5
      md5: 2c030299a5ae8d68aa94184fbceca225
      size: 2148333
